
Microsoft Visual Studio Solution File, Format Version 12.00
# Visual Studio Version 16
VisualStudioVersion = 16.0.32126.315
MinimumVisualStudioVersion = 10.0.40219.1
Project("{9A19103F-16F7-4668-BE54-9A1E7A4F7556}") = "MartianRobots", "MartianRobots\MartianRobots.csproj", "{F5AF48D6-D318-4234-A005-4295B81A6096}"
EndProject
Project("{9A19103F-16F7-4668-BE54-9A1E7A4F7556}") = "MartianRobots.Domain", "MartianRobots.Domain\MartianRobots.Domain.csproj", "{05C4E490-84AB-45B8-A3DA-D9146B7A8AC8}"
EndProject
Project("{9A19103F-16F7-4668-BE54-9A1E7A4F7556}") = "MartianRobots.testing", "MartianRobots.testing\MartianRobots.testing.csproj", "{889C52B5-97E6-4A43-ADA3-822300DBF75E}"
EndProject
Global
	GlobalSection(SolutionConfigurationPlatforms) = preSolution
		Debug|Any CPU = Debug|Any CPU
		Release|Any CPU = Release|Any CPU
	EndGlobalSection
	GlobalSection(ProjectConfigurationPlatforms) = postSolution
		{F5AF48D6-D318-4234-A005-4295B81A6096}.Debug|Any CPU.ActiveCfg = Debug|Any CPU
		{F5AF48D6-D318-4234-A005-4295B81A6096}.Debug|Any CPU.Build.0 = Debug|Any CPU
		{F5AF48D6-D318-4234-A005-4295B81A6096}.Release|Any CPU.ActiveCfg = Release|Any CPU
		{F5AF48D6-D318-4234-A005-4295B81A6096}.Release|Any CPU.Build.0 = Release|Any CPU
		{05C4E490-84AB-45B8-A3DA-D9146B7A8AC8}.Debug|Any CPU.ActiveCfg = Debug|Any CPU
		{05C4E490-84AB-45B8-A3DA-D9146B7A8AC8}.Debug|Any CPU.Build.0 = Debug|Any CPU
		{05C4E490-84AB-45B8-A3DA-D9146B7A8AC8}.Release|Any CPU.ActiveCfg = Release|Any CPU
		{05C4E490-84AB-45B8-A3DA-D9146B7A8AC8}.Release|Any CPU.Build.0 = Release|Any CPU
		{889C52B5-97E6-4A43-ADA3-822300DBF75E}.Debug|Any CPU.ActiveCfg = Debug|Any CPU
		{889C52B5-97E6-4A43-ADA3-822300DBF75E}.Debug|Any CPU.Build.0 = Debug|Any CPU
		{889C52B5-97E6-4A43-ADA3-822300DBF75E}.Release|Any CPU.ActiveCfg = Release|Any CPU
		{889C52B5-97E6-4A43-ADA3-822300DBF75E}.Release|Any CPU.Build.0 = Release|Any CPU
	EndGlobalSection
	GlobalSection(SolutionProperties) = preSolution
		HideSolutionNode = FALSE
	EndGlobalSection
	GlobalSection(ExtensibilityGlobals) = postSolution
		SolutionGuid = {B3C67451-4233-45D5-A45D-83F3FA6A14E1}
	EndGlobalSection
EndGlobal
